
Microsoft Visual Studio Solution File, Format Version 12.00
# Visual Studio Version 16
VisualStudioVersion = 16.0.31205.134
MinimumVisualStudioVersion = 10.0.40219.1
Project("{FAE04EC0-301F-11D3-BF4B-00C04F79EFBC}") = "JwtTokenValidator", "JwtTokenValidator.csproj", "{4885FD71-D9E2-4A9C-80AE-1E3B7B27A5FE}"
EndProject
Global
	GlobalSection(SolutionConfigurationPlatforms) = preSolution
		Debug|Any CPU = Debug|Any CPU
		Release|Any CPU = Release|Any CPU
	EndGlobalSection
	GlobalSection(ProjectConfigurationPlatforms) = postSolution
		{4885FD71-D9E2-4A9C-80AE-1E3B7B27A5FE}.Debug|Any CPU.ActiveCfg = Debug|Any CPU
		{4885FD71-D9E2-4A9C-80AE-1E3B7B27A5FE}.Debug|Any CPU.Build.0 = Debug|Any CPU
		{4885FD71-D9E2-4A9C-80AE-1E3B7B27A5FE}.Release|Any CPU.ActiveCfg = Release|Any CPU
		{4885FD71-D9E2-4A9C-80AE-1E3B7B27A5FE}.Release|Any CPU.Build.0 = Release|Any CPU
	EndGlobalSection
	GlobalSection(SolutionProperties) = preSolution
		HideSolutionNode = FALSE
	EndGlobalSection
	GlobalSection(ExtensibilityGlobals) = postSolution
		SolutionGuid = {5B25C1AA-B782-4BFC-80B3-AACF839E5A3E}
	EndGlobalSection
EndGlobal
